
Microsoft Visual Studio Solution File, Format Version 12.00
# Visual Studio Version 16
VisualStudioVersion = 16.0.29111.141
MinimumVisualStudioVersion = 10.0.40219.1
Project("{9A19103F-16F7-4668-BE54-9A1E7A4F7556}") = "ICSharpCode.CodeConverter", "ICSharpCode.CodeConverter\ICSharpCode.CodeConverter.csproj", "{7EA075C6-6406-445C-AB77-6C47AFF88D58}"
EndProject
Project("{9A19103F-16F7-4668-BE54-9A1E7A4F7556}") = "Tests", "Tests\Tests.csproj", "{21DBA1CE-AF55-4159-B04B-B8C621BE8921}"
EndProject
Project("{FAE04EC0-301F-11D3-BF4B-00C04F79EFBC}") = "Vsix", "Vsix\Vsix.csproj", "{99498EF8-C9E0-433B-8D7B-EA8E9E66F0C7}"
EndProject
Project("{2150E333-8FDC-42A3-9474-1A3956D46DE8}") = "Solution Items", "Solution Items", "{40A4828C-D6D2-43C5-A452-36CB06649680}"
	ProjectSection(SolutionItems) = preProject
		.editorconfig = .editorconfig
	EndProjectSection
EndProject
Project("{9A19103F-16F7-4668-BE54-9A1E7A4F7556}") = "CodeConverter.Web", "CodeConverter.Web\CodeConverter.Web.csproj", "{08A20D4F-6310-43BB-B339-6317ACF3B52E}"
EndProject
Global
	GlobalSection(SolutionConfigurationPlatforms) = preSolution
		Debug|Any CPU = Debug|Any CPU
		Release|Any CPU = Release|Any CPU
	EndGlobalSection
	GlobalSection(ProjectConfigurationPlatforms) = postSolution
		{7EA075C6-6406-445C-AB77-6C47AFF88D58}.Debug|Any CPU.ActiveCfg = Debug|Any CPU
		{7EA075C6-6406-445C-AB77-6C47AFF88D58}.Debug|Any CPU.Build.0 = Debug|Any CPU
		{7EA075C6-6406-445C-AB77-6C47AFF88D58}.Release|Any CPU.ActiveCfg = Release|Any CPU
		{7EA075C6-6406-445C-AB77-6C47AFF88D58}.Release|Any CPU.Build.0 = Release|Any CPU
		{21DBA1CE-AF55-4159-B04B-B8C621BE8921}.Debug|Any CPU.ActiveCfg = Debug|Any CPU
		{21DBA1CE-AF55-4159-B04B-B8C621BE8921}.Debug|Any CPU.Build.0 = Debug|Any CPU
		{21DBA1CE-AF55-4159-B04B-B8C621BE8921}.Release|Any CPU.ActiveCfg = Release|Any CPU
		{21DBA1CE-AF55-4159-B04B-B8C621BE8921}.Release|Any CPU.Build.0 = Release|Any CPU
		{99498EF8-C9E0-433B-8D7B-EA8E9E66F0C7}.Debug|Any CPU.ActiveCfg = Debug|Any CPU
		{99498EF8-C9E0-433B-8D7B-EA8E9E66F0C7}.Debug|Any CPU.Build.0 = Debug|Any CPU
		{99498EF8-C9E0-433B-8D7B-EA8E9E66F0C7}.Release|Any CPU.ActiveCfg = Release|Any CPU
		{99498EF8-C9E0-433B-8D7B-EA8E9E66F0C7}.Release|Any CPU.Build.0 = Release|Any CPU
		{08A20D4F-6310-43BB-B339-6317ACF3B52E}.Debug|Any CPU.ActiveCfg = Debug|Any CPU
		{08A20D4F-6310-43BB-B339-6317ACF3B52E}.Debug|Any CPU.Build.0 = Debug|Any CPU
		{08A20D4F-6310-43BB-B339-6317ACF3B52E}.Release|Any CPU.ActiveCfg = Release|Any CPU
		{08A20D4F-6310-43BB-B339-6317ACF3B52E}.Release|Any CPU.Build.0 = Release|Any CPU
	EndGlobalSection
	GlobalSection(SolutionProperties) = preSolution
		HideSolutionNode = FALSE
	EndGlobalSection
	GlobalSection(ExtensibilityGlobals) = postSolution
		SolutionGuid = {B87DD8E0-BF04-46F6-A98F-76F93AFD2988}
	EndGlobalSection
EndGlobal
